
Microsoft Visual Studio Solution File, Format Version 12.00
# Visual Studio 14
VisualStudioVersion = 14.0.25420.1
MinimumVisualStudioVersion = 10.0.40219.1
Project("{D954291E-2A0B-460D-934E-DC6B0785DB48}") = "testVG", "testVG\testVG.shproj", "{A4E4A644-DE1F-4D51-A0B4-9C5E5A9E95D8}"
EndProject
Global
	GlobalSection(SharedMSBuildProjectFiles) = preSolution
		testVG\testVG.projitems*{a4e4a644-de1f-4d51-a0b4-9c5e5a9e95d8}*SharedItemsImports = 13
	EndGlobalSection
	GlobalSection(SolutionProperties) = preSolution
		HideSolutionNode = FALSE
	EndGlobalSection
EndGlobal
